
Microsoft Visual Studio Solution File, Format Version 12.00
# Visual Studio Version 16
VisualStudioVersion = 16.0.34601.136
MinimumVisualStudioVersion = 10.0.40219.1
Project("{FAE04EC0-301F-11D3-BF4B-00C04F79EFBC}") = "MvcBlogProject", "MvcBlogProject\MvcBlogProject.csproj", "{795F19B1-088F-4E9C-BD52-F392D365F142}"
EndProject
Global
	GlobalSection(SolutionConfigurationPlatforms) = preSolution
		Debug|Any CPU = Debug|Any CPU
		Release|Any CPU = Release|Any CPU
	EndGlobalSection
	GlobalSection(ProjectConfigurationPlatforms) = postSolution
		{795F19B1-088F-4E9C-BD52-F392D365F142}.Debug|Any CPU.ActiveCfg = Debug|Any CPU
		{795F19B1-088F-4E9C-BD52-F392D365F142}.Debug|Any CPU.Build.0 = Debug|Any CPU
		{795F19B1-088F-4E9C-BD52-F392D365F142}.Release|Any CPU.ActiveCfg = Release|Any CPU
		{795F19B1-088F-4E9C-BD52-F392D365F142}.Release|Any CPU.Build.0 = Release|Any CPU
	EndGlobalSection
	GlobalSection(SolutionProperties) = preSolution
		HideSolutionNode = FALSE
	EndGlobalSection
	GlobalSection(ExtensibilityGlobals) = postSolution
		SolutionGuid = {1618CA1F-076F-4E88-8D4A-4671B92C5BBD}
	EndGlobalSection
EndGlobal
